
Microsoft Visual Studio Solution File, Format Version 12.00
# Visual Studio 14
VisualStudioVersion = 14.0.25420.1
MinimumVisualStudioVersion = 10.0.40219.1
Project("{E24C65DC-7377-472B-9ABA-BC803B73C61A}") = "Expt1Site", "C:\Users\ASUS\Documents\Visual Studio 2015\WebSites\Expt1Site\", "{8BB986A6-891B-4166-8A12-CE393D7E095C}"
	ProjectSection(WebsiteProperties) = preProject
		TargetFrameworkMoniker = ".NETFramework,Version%3Dv4.5.2"
		Debug.AspNetCompiler.VirtualPath = "/localhost_17035"
		Debug.AspNetCompiler.PhysicalPath = "C:\Users\ASUS\Documents\Visual Studio 2015\WebSites\Expt1Site\"
		Debug.AspNetCompiler.TargetPath = "PrecompiledWeb\localhost_17035\"
		Debug.AspNetCompiler.Updateable = "true"
		Debug.AspNetCompiler.ForceOverwrite = "true"
		Debug.AspNetCompiler.FixedNames = "false"
		Debug.AspNetCompiler.Debug = "True"
		Release.AspNetCompiler.VirtualPath = "/localhost_17035"
		Release.AspNetCompiler.PhysicalPath = "C:\Users\ASUS\Documents\Visual Studio 2015\WebSites\Expt1Site\"
		Release.AspNetCompiler.TargetPath = "PrecompiledWeb\localhost_17035\"
		Release.AspNetCompiler.Updateable = "true"
		Release.AspNetCompiler.ForceOverwrite = "true"
		Release.AspNetCompiler.FixedNames = "false"
		Release.AspNetCompiler.Debug = "False"
		VWDPort = "17035"
		DefaultWebSiteLanguage = "Visual C#"
	EndProjectSection
EndProject
Project("{E24C65DC-7377-472B-9ABA-BC803B73C61A}") = "Expt2Site", "C:\Users\ASUS\Documents\Visual Studio 2015\WebSites\Expt2Site\", "{40335741-0AA5-4828-B0CB-09542E2BE167}"
	ProjectSection(WebsiteProperties) = preProject
		TargetFrameworkMoniker = ".NETFramework,Version%3Dv4.5.2"
		Debug.AspNetCompiler.VirtualPath = "/localhost_17070"
		Debug.AspNetCompiler.PhysicalPath = "C:\Users\ASUS\Documents\Visual Studio 2015\WebSites\Expt2Site\"
		Debug.AspNetCompiler.TargetPath = "PrecompiledWeb\localhost_17070\"
		Debug.AspNetCompiler.Updateable = "true"
		Debug.AspNetCompiler.ForceOverwrite = "true"
		Debug.AspNetCompiler.FixedNames = "false"
		Debug.AspNetCompiler.Debug = "True"
		Release.AspNetCompiler.VirtualPath = "/localhost_17070"
		Release.AspNetCompiler.PhysicalPath = "C:\Users\ASUS\Documents\Visual Studio 2015\WebSites\Expt2Site\"
		Release.AspNetCompiler.TargetPath = "PrecompiledWeb\localhost_17070\"
		Release.AspNetCompiler.Updateable = "true"
		Release.AspNetCompiler.ForceOverwrite = "true"
		Release.AspNetCompiler.FixedNames = "false"
		Release.AspNetCompiler.Debug = "False"
		VWDPort = "17070"
		DefaultWebSiteLanguage = "Visual C#"
	EndProjectSection
EndProject
Global
	GlobalSection(SolutionConfigurationPlatforms) = preSolution
		Debug|Any CPU = Debug|Any CPU
	EndGlobalSection
	GlobalSection(ProjectConfigurationPlatforms) = postSolution
		{8BB986A6-891B-4166-8A12-CE393D7E095C}.Debug|Any CPU.ActiveCfg = Debug|Any CPU
		{8BB986A6-891B-4166-8A12-CE393D7E095C}.Debug|Any CPU.Build.0 = Debug|Any CPU
		{40335741-0AA5-4828-B0CB-09542E2BE167}.Debug|Any CPU.ActiveCfg = Debug|Any CPU
		{40335741-0AA5-4828-B0CB-09542E2BE167}.Debug|Any CPU.Build.0 = Debug|Any CPU
	EndGlobalSection
	GlobalSection(SolutionProperties) = preSolution
		HideSolutionNode = FALSE
	EndGlobalSection
EndGlobal
