
Microsoft Visual Studio Solution File, Format Version 12.00
# Visual Studio 14
VisualStudioVersion = 14.0.25420.1
MinimumVisualStudioVersion = 10.0.40219.1
Project("{FAE04EC0-301F-11D3-BF4B-00C04F79EFBC}") = "20191025d", "20191025d\20191025d.csproj", "{3847F66F-867A-4F47-94A9-FF4D5B2CCB6B}"
EndProject
Global
	GlobalSection(SolutionConfigurationPlatforms) = preSolution
		Debug|Any CPU = Debug|Any CPU
		Release|Any CPU = Release|Any CPU
	EndGlobalSection
	GlobalSection(ProjectConfigurationPlatforms) = postSolution
		{3847F66F-867A-4F47-94A9-FF4D5B2CCB6B}.Debug|Any CPU.ActiveCfg = Debug|Any CPU
		{3847F66F-867A-4F47-94A9-FF4D5B2CCB6B}.Debug|Any CPU.Build.0 = Debug|Any CPU
		{3847F66F-867A-4F47-94A9-FF4D5B2CCB6B}.Release|Any CPU.ActiveCfg = Release|Any CPU
		{3847F66F-867A-4F47-94A9-FF4D5B2CCB6B}.Release|Any CPU.Build.0 = Release|Any CPU
	EndGlobalSection
	GlobalSection(SolutionProperties) = preSolution
		HideSolutionNode = FALSE
	EndGlobalSection
EndGlobal
