
Microsoft Visual Studio Solution File, Format Version 12.00
# Visual Studio 14
VisualStudioVersion = 14.0.25420.1
MinimumVisualStudioVersion = 10.0.40219.1
Project("{FAE04EC0-301F-11D3-BF4B-00C04F79EFBC}") = "WebApplication1", "WebApplication1\WebApplication1.csproj", "{76DF4D41-7E98-4722-8100-7EFBB338F6A9}"
EndProject
Project("{FAE04EC0-301F-11D3-BF4B-00C04F79EFBC}") = "WebApplication2", "WebApplication2\WebApplication2.csproj", "{B361B0D2-A9EF-4C93-9827-3DC68C20F1D3}"
EndProject
Global
	GlobalSection(SolutionConfigurationPlatforms) = preSolution
		Debug|Any CPU = Debug|Any CPU
		Release|Any CPU = Release|Any CPU
	EndGlobalSection
	GlobalSection(ProjectConfigurationPlatforms) = postSolution
		{76DF4D41-7E98-4722-8100-7EFBB338F6A9}.Debug|Any CPU.ActiveCfg = Debug|Any CPU
		{76DF4D41-7E98-4722-8100-7EFBB338F6A9}.Debug|Any CPU.Build.0 = Debug|Any CPU
		{76DF4D41-7E98-4722-8100-7EFBB338F6A9}.Release|Any CPU.ActiveCfg = Release|Any CPU
		{76DF4D41-7E98-4722-8100-7EFBB338F6A9}.Release|Any CPU.Build.0 = Release|Any CPU
		{B361B0D2-A9EF-4C93-9827-3DC68C20F1D3}.Debug|Any CPU.ActiveCfg = Debug|Any CPU
		{B361B0D2-A9EF-4C93-9827-3DC68C20F1D3}.Debug|Any CPU.Build.0 = Debug|Any CPU
		{B361B0D2-A9EF-4C93-9827-3DC68C20F1D3}.Release|Any CPU.ActiveCfg = Release|Any CPU
		{B361B0D2-A9EF-4C93-9827-3DC68C20F1D3}.Release|Any CPU.Build.0 = Release|Any CPU
	EndGlobalSection
	GlobalSection(SolutionProperties) = preSolution
		HideSolutionNode = FALSE
	EndGlobalSection
EndGlobal
